
Microsoft Visual Studio Solution File, Format Version 12.00
# Visual Studio Version 17
VisualStudioVersion = 17.9.34728.123
MinimumVisualStudioVersion = 10.0.40219.1
Project("{9A19103F-16F7-4668-BE54-9A1E7A4F7556}") = "BlogApplication", "BlogApplication\BlogApplication.csproj", "{174D588C-8376-4CDF-9DED-E4689DCF6057}"
EndProject
Global
	GlobalSection(SolutionConfigurationPlatforms) = preSolution
		Debug|Any CPU = Debug|Any CPU
		Release|Any CPU = Release|Any CPU
	EndGlobalSection
	GlobalSection(ProjectConfigurationPlatforms) = postSolution
		{174D588C-8376-4CDF-9DED-E4689DCF6057}.Debug|Any CPU.ActiveCfg = Debug|Any CPU
		{174D588C-8376-4CDF-9DED-E4689DCF6057}.Debug|Any CPU.Build.0 = Debug|Any CPU
		{174D588C-8376-4CDF-9DED-E4689DCF6057}.Release|Any CPU.ActiveCfg = Release|Any CPU
		{174D588C-8376-4CDF-9DED-E4689DCF6057}.Release|Any CPU.Build.0 = Release|Any CPU
	EndGlobalSection
	GlobalSection(SolutionProperties) = preSolution
		HideSolutionNode = FALSE
	EndGlobalSection
	GlobalSection(ExtensibilityGlobals) = postSolution
		SolutionGuid = {4634D1BF-47C4-4213-AFAA-57DF3C6D2188}
	EndGlobalSection
EndGlobal
